
Microsoft Visual Studio Solution File, Format Version 12.00
# Visual Studio Version 17
VisualStudioVersion = 17.14.36414.22 d17.14
MinimumVisualStudioVersion = 10.0.40219.1
Project("{FAE04EC0-301F-11D3-BF4B-00C04F79EFBC}") = "QuickShop", "QuickShop.csproj", "{AFCD8CA9-500D-430D-A784-FC1480A798F0}"
EndProject
Global
	GlobalSection(SolutionConfigurationPlatforms) = preSolution
		Debug|Any CPU = Debug|Any CPU
		Release|Any CPU = Release|Any CPU
	EndGlobalSection
	GlobalSection(ProjectConfigurationPlatforms) = postSolution
		{AFCD8CA9-500D-430D-A784-FC1480A798F0}.Debug|Any CPU.ActiveCfg = Debug|Any CPU
		{AFCD8CA9-500D-430D-A784-FC1480A798F0}.Debug|Any CPU.Build.0 = Debug|Any CPU
		{AFCD8CA9-500D-430D-A784-FC1480A798F0}.Release|Any CPU.ActiveCfg = Release|Any CPU
		{AFCD8CA9-500D-430D-A784-FC1480A798F0}.Release|Any CPU.Build.0 = Release|Any CPU
	EndGlobalSection
	GlobalSection(SolutionProperties) = preSolution
		HideSolutionNode = FALSE
	EndGlobalSection
	GlobalSection(ExtensibilityGlobals) = postSolution
		SolutionGuid = {4A4C3C40-7B46-44D5-B369-9E022B8B90AC}
	EndGlobalSection
EndGlobal
